{
  "pins" : [
    {
      "identity" : "iqkeyboardmanager",
      "kind" : "remoteSourceControl",
      "location" : "https://github.com/hackiftekhar/IQKeyboardManager.git",
      "state" : {
        "revision" : "fa9b2bac94b3fabe2d6ca7c74b269d4e8c355111",
        "version" : "7.1.1"
      }
    },
    {
      "identity" : "keychain-swift",
      "kind" : "remoteSourceControl",
      "location" : "https://github.com/evgenyneu/keychain-swift.git",
      "state" : {
        "revision" : "5e1b02b6a9dac2a759a1d5dbc175c86bd192a608",
        "version" : "24.0.0"
      }
    },
    {
      "identity" : "reachability.swift",
      "kind" : "remoteSourceControl",
      "location" : "https://github.com/ashleymills/Reachability.swift",
      "state" : {
        "branch" : "master",
        "revision" : "7cbd73f46a7dfaeca079e18df7324c6de6d1834a"
      }
    },
    {
      "identity" : "supereasylayout",
      "kind" : "remoteSourceControl",
      "location" : "https://github.com/doil6317/SuperEasyLayout.git",
      "state" : {
        "revision" : "0d2a9111aa62e6f2b2a3bb70e526e5cf00e9f8f6",
        "version" : "0.3.0"
      }
    },
    {
      "identity" : "wsr",
      "kind" : "remoteSourceControl",
      "location" : "https://github.com/wilyamx/wsr",
      "state" : {
        "branch" : "develop",
        "revision" : "dd0b711ea17a4127742a245e7e6c46826c9d857d"
      }
    }
  ],
  "version" : 2
}
